
Microsoft Visual Studio Solution File, Format Version 12.00
# Visual Studio Version 17
VisualStudioVersion = 17.13.35919.96
MinimumVisualStudioVersion = 10.0.40219.1
Project("{FAE04EC0-301F-11D3-BF4B-00C04F79EFBC}") = "BP.Api", "BP.Api\BP.Api.csproj", "{555E6930-F44A-47FB-BFAA-92DEE29B37E1}"
EndProject
Project("{FAE04EC0-301F-11D3-BF4B-00C04F79EFBC}") = "BP.Core", "BP.Core\BP.Core.csproj", "{36C0F35D-1411-4A07-96EE-61581C2FD69F}"
EndProject
Project("{FAE04EC0-301F-11D3-BF4B-00C04F79EFBC}") = "BP.Application", "BP.Application\BP.Application.csproj", "{0B503369-931E-4803-881C-61C014323D7D}"
EndProject
Project("{FAE04EC0-301F-11D3-BF4B-00C04F79EFBC}") = "BP.Infrastructure", "BP.Infrastructure\BP.Infrastructure.csproj", "{430DC711-E344-F2D6-15AF-8411EC36A2A9}"
EndProject
Global
	GlobalSection(SolutionConfigurationPlatforms) = preSolution
		Debug|Any CPU = Debug|Any CPU
		Release|Any CPU = Release|Any CPU
	EndGlobalSection
	GlobalSection(ProjectConfigurationPlatforms) = postSolution
		{555E6930-F44A-47FB-BFAA-92DEE29B37E1}.Debug|Any CPU.ActiveCfg = Debug|Any CPU
		{555E6930-F44A-47FB-BFAA-92DEE29B37E1}.Debug|Any CPU.Build.0 = Debug|Any CPU
		{555E6930-F44A-47FB-BFAA-92DEE29B37E1}.Release|Any CPU.ActiveCfg = Release|Any CPU
		{555E6930-F44A-47FB-BFAA-92DEE29B37E1}.Release|Any CPU.Build.0 = Release|Any CPU
		{36C0F35D-1411-4A07-96EE-61581C2FD69F}.Debug|Any CPU.ActiveCfg = Debug|Any CPU
		{36C0F35D-1411-4A07-96EE-61581C2FD69F}.Debug|Any CPU.Build.0 = Debug|Any CPU
		{36C0F35D-1411-4A07-96EE-61581C2FD69F}.Release|Any CPU.ActiveCfg = Release|Any CPU
		{36C0F35D-1411-4A07-96EE-61581C2FD69F}.Release|Any CPU.Build.0 = Release|Any CPU
		{0B503369-931E-4803-881C-61C014323D7D}.Debug|Any CPU.ActiveCfg = Debug|Any CPU
		{0B503369-931E-4803-881C-61C014323D7D}.Debug|Any CPU.Build.0 = Debug|Any CPU
		{0B503369-931E-4803-881C-61C014323D7D}.Release|Any CPU.ActiveCfg = Release|Any CPU
		{0B503369-931E-4803-881C-61C014323D7D}.Release|Any CPU.Build.0 = Release|Any CPU
		{430DC711-E344-F2D6-15AF-8411EC36A2A9}.Debug|Any CPU.ActiveCfg = Debug|Any CPU
		{430DC711-E344-F2D6-15AF-8411EC36A2A9}.Debug|Any CPU.Build.0 = Debug|Any CPU
		{430DC711-E344-F2D6-15AF-8411EC36A2A9}.Release|Any CPU.ActiveCfg = Release|Any CPU
		{430DC711-E344-F2D6-15AF-8411EC36A2A9}.Release|Any CPU.Build.0 = Release|Any CPU
	EndGlobalSection
	GlobalSection(SolutionProperties) = preSolution
		HideSolutionNode = FALSE
	EndGlobalSection
	GlobalSection(ExtensibilityGlobals) = postSolution
		SolutionGuid = {81FDBE90-13D3-4853-AFC8-57C69A78A605}
	EndGlobalSection
EndGlobal
